PODS:
  - ZPTextAttribiteFild (0.1.0)

DEPENDENCIES:
  - ZPTextAttribiteFild (from `../`)

EXTERNAL SOURCES:
  ZPTextAttribiteFild:
    :path: "../"

SPEC CHECKSUMS:
  ZPTextAttribiteFild: 72a247bf61d4af7c2fd3c01e767481f9ca20209a

PODFILE CHECKSUM: c7aa9d1775380c67a173960645ef7547c0d88c87

COCOAPODS: 1.9.3
